
Microsoft Visual Studio Solution File, Format Version 12.00
# Visual Studio 15
VisualStudioVersion = 15.0.27130.2010
MinimumVisualStudioVersion = 10.0.40219.1
Project("{FAE04EC0-301F-11D3-BF4B-00C04F79EFBC}") = "Test_US", "Test_US\Test_US.csproj", "{6F38D3F8-FE22-455A-8519-7DF46CCB3647}"
EndProject
Global
	GlobalSection(SolutionConfigurationPlatforms) = preSolution
		Debug|Any CPU = Debug|Any CPU
		Release|Any CPU = Release|Any CPU
	EndGlobalSection
	GlobalSection(ProjectConfigurationPlatforms) = postSolution
		{6F38D3F8-FE22-455A-8519-7DF46CCB3647}.Debug|Any CPU.ActiveCfg = Debug|Any CPU
		{6F38D3F8-FE22-455A-8519-7DF46CCB3647}.Debug|Any CPU.Build.0 = Debug|Any CPU
		{6F38D3F8-FE22-455A-8519-7DF46CCB3647}.Release|Any CPU.ActiveCfg = Release|Any CPU
		{6F38D3F8-FE22-455A-8519-7DF46CCB3647}.Release|Any CPU.Build.0 = Release|Any CPU
	EndGlobalSection
	GlobalSection(SolutionProperties) = preSolution
		HideSolutionNode = FALSE
	EndGlobalSection
	GlobalSection(ExtensibilityGlobals) = postSolution
		SolutionGuid = {41B35ADA-5D40-48E7-9B0A-268BE3445147}
	EndGlobalSection
EndGlobal
